
Microsoft Visual Studio Solution File, Format Version 12.00
# Visual Studio Version 17
VisualStudioVersion = 17.4.33213.308
MinimumVisualStudioVersion = 10.0.40219.1
Project("{F184B08F-C81C-45F6-A57F-5ABD9991F28F}") = "Data_Encapsulation2", "Data_Encapsulation2.vbproj", "{F187E7F4-85E8-449D-86F5-4DFE6ADCA264}"
EndProject
Global
	GlobalSection(SolutionConfigurationPlatforms) = preSolution
		Debug|Any CPU = Debug|Any CPU
		Release|Any CPU = Release|Any CPU
	EndGlobalSection
	GlobalSection(ProjectConfigurationPlatforms) = postSolution
		{F187E7F4-85E8-449D-86F5-4DFE6ADCA264}.Debug|Any CPU.ActiveCfg = Debug|Any CPU
		{F187E7F4-85E8-449D-86F5-4DFE6ADCA264}.Debug|Any CPU.Build.0 = Debug|Any CPU
		{F187E7F4-85E8-449D-86F5-4DFE6ADCA264}.Release|Any CPU.ActiveCfg = Release|Any CPU
		{F187E7F4-85E8-449D-86F5-4DFE6ADCA264}.Release|Any CPU.Build.0 = Release|Any CPU
	EndGlobalSection
	GlobalSection(SolutionProperties) = preSolution
		HideSolutionNode = FALSE
	EndGlobalSection
	GlobalSection(ExtensibilityGlobals) = postSolution
		SolutionGuid = {56538A12-F8CA-416E-B01F-DB8272CC777B}
	EndGlobalSection
EndGlobal
